
Microsoft Visual Studio Solution File, Format Version 12.00
# Visual Studio 15
VisualStudioVersion = 15.0.28010.2036
MinimumVisualStudioVersion = 10.0.40219.1
Project("{FAE04EC0-301F-11D3-BF4B-00C04F79EFBC}") = "SquareFigures", "SquareFigures\SquareFigures.csproj", "{C017083C-5EEB-4EAE-971A-50C6DCB71C64}"
EndProject
Project("{FAE04EC0-301F-11D3-BF4B-00C04F79EFBC}") = "SquareFigures.Test", "SquareFigures.Test\SquareFigures.Test.csproj", "{663E27B7-7517-40AE-A0DF-ECF61EA62F76}"
EndProject
Global
	GlobalSection(SolutionConfigurationPlatforms) = preSolution
		Debug|Any CPU = Debug|Any CPU
		Release|Any CPU = Release|Any CPU
	EndGlobalSection
	GlobalSection(ProjectConfigurationPlatforms) = postSolution
		{C017083C-5EEB-4EAE-971A-50C6DCB71C64}.Debug|Any CPU.ActiveCfg = Debug|Any CPU
		{C017083C-5EEB-4EAE-971A-50C6DCB71C64}.Debug|Any CPU.Build.0 = Debug|Any CPU
		{C017083C-5EEB-4EAE-971A-50C6DCB71C64}.Release|Any CPU.ActiveCfg = Release|Any CPU
		{C017083C-5EEB-4EAE-971A-50C6DCB71C64}.Release|Any CPU.Build.0 = Release|Any CPU
		{663E27B7-7517-40AE-A0DF-ECF61EA62F76}.Debug|Any CPU.ActiveCfg = Debug|Any CPU
		{663E27B7-7517-40AE-A0DF-ECF61EA62F76}.Debug|Any CPU.Build.0 = Debug|Any CPU
		{663E27B7-7517-40AE-A0DF-ECF61EA62F76}.Release|Any CPU.ActiveCfg = Release|Any CPU
		{663E27B7-7517-40AE-A0DF-ECF61EA62F76}.Release|Any CPU.Build.0 = Release|Any CPU
	EndGlobalSection
	GlobalSection(SolutionProperties) = preSolution
		HideSolutionNode = FALSE
	EndGlobalSection
	GlobalSection(ExtensibilityGlobals) = postSolution
		SolutionGuid = {47CFAF66-8500-4CC4-A6C5-36DD9EA11B03}
	EndGlobalSection
EndGlobal
